
Microsoft Visual Studio Solution File, Format Version 12.00
# Visual Studio Version 17
VisualStudioVersion = 17.4.33110.190
MinimumVisualStudioVersion = 10.0.40219.1
Project("{FAE04EC0-301F-11D3-BF4B-00C04F79EFBC}") = "BackgroundServiceIHostedService", "BackgroundServiceIHostedService\BackgroundServiceIHostedService.csproj", "{16E43EFC-8C79-4E91-A97E-598BC7942101}"
EndProject
Global
	GlobalSection(SolutionConfigurationPlatforms) = preSolution
		Debug|Any CPU = Debug|Any CPU
		Release|Any CPU = Release|Any CPU
	EndGlobalSection
	GlobalSection(ProjectConfigurationPlatforms) = postSolution
		{16E43EFC-8C79-4E91-A97E-598BC7942101}.Debug|Any CPU.ActiveCfg = Debug|Any CPU
		{16E43EFC-8C79-4E91-A97E-598BC7942101}.Debug|Any CPU.Build.0 = Debug|Any CPU
		{16E43EFC-8C79-4E91-A97E-598BC7942101}.Release|Any CPU.ActiveCfg = Release|Any CPU
		{16E43EFC-8C79-4E91-A97E-598BC7942101}.Release|Any CPU.Build.0 = Release|Any CPU
	EndGlobalSection
	GlobalSection(SolutionProperties) = preSolution
		HideSolutionNode = FALSE
	EndGlobalSection
	GlobalSection(ExtensibilityGlobals) = postSolution
		SolutionGuid = {902A6D39-C5D0-40DA-A465-85EB1224E85A}
	EndGlobalSection
EndGlobal
